
Microsoft Visual Studio Solution File, Format Version 12.00
# Visual Studio Version 17
VisualStudioVersion = 17.6.33829.357
MinimumVisualStudioVersion = 10.0.40219.1
Project("{FAE04EC0-301F-11D3-BF4B-00C04F79EFBC}") = "cs_m4t1", "cs_m4\cs_m4t1.csproj", "{65B16CAB-2F57-4D14-A32D-0332F11BBD9D}"
EndProject
Project("{2150E333-8FDC-42A3-9474-1A3956D46DE8}") = "NewFolder1", "NewFolder1", "{58B42071-B838-4981-94BF-E13A0CBF2853}"
EndProject
Global
	GlobalSection(SolutionConfigurationPlatforms) = preSolution
		Debug|Any CPU = Debug|Any CPU
		Release|Any CPU = Release|Any CPU
	EndGlobalSection
	GlobalSection(ProjectConfigurationPlatforms) = postSolution
		{65B16CAB-2F57-4D14-A32D-0332F11BBD9D}.Debug|Any CPU.ActiveCfg = Debug|Any CPU
		{65B16CAB-2F57-4D14-A32D-0332F11BBD9D}.Debug|Any CPU.Build.0 = Debug|Any CPU
		{65B16CAB-2F57-4D14-A32D-0332F11BBD9D}.Release|Any CPU.ActiveCfg = Release|Any CPU
		{65B16CAB-2F57-4D14-A32D-0332F11BBD9D}.Release|Any CPU.Build.0 = Release|Any CPU
	EndGlobalSection
	GlobalSection(SolutionProperties) = preSolution
		HideSolutionNode = FALSE
	EndGlobalSection
	GlobalSection(NestedProjects) = preSolution
		{65B16CAB-2F57-4D14-A32D-0332F11BBD9D} = {58B42071-B838-4981-94BF-E13A0CBF2853}
	EndGlobalSection
	GlobalSection(ExtensibilityGlobals) = postSolution
		SolutionGuid = {227C83D9-3C89-4A59-A76C-2C901F26848C}
	EndGlobalSection
EndGlobal
